
Microsoft Visual Studio Solution File, Format Version 12.00
# Visual Studio Version 16
VisualStudioVersion = 16.0.29326.143
MinimumVisualStudioVersion = 10.0.40219.1
Project("{9A19103F-16F7-4668-BE54-9A1E7A4F7556}") = "ExileLab.Extensions.Configuration", "ExileLab.Extensions.Configuration\ExileLab.Extensions.Configuration.csproj", "{3B1D5C19-842F-46F3-8D4C-C5A51961BF14}"
EndProject
Project("{9A19103F-16F7-4668-BE54-9A1E7A4F7556}") = "ExileLab.SampleApp", "ExileLab.SampleApp\ExileLab.SampleApp.csproj", "{39A37FFE-2F77-4536-A439-0C69AF36A7B7}"
EndProject
Project("{9A19103F-16F7-4668-BE54-9A1E7A4F7556}") = "ExileLab.Extensions.Configuration.Tests", "ExileLab.Extensions.Configuration.Tests\ExileLab.Extensions.Configuration.Tests.csproj", "{420BD0D9-AF40-461B-AA39-914A13D417D1}"
EndProject
Project("{FAE04EC0-301F-11D3-BF4B-00C04F79EFBC}") = "ExileLab.SampleWebApi", "ExileLab.SampleWebApi\ExileLab.SampleWebApi.csproj", "{3A7C128E-C57E-417F-A4A5-A5C8081BCFD8}"
EndProject
Global
	GlobalSection(SolutionConfigurationPlatforms) = preSolution
		Debug|Any CPU = Debug|Any CPU
		Release|Any CPU = Release|Any CPU
	EndGlobalSection
	GlobalSection(ProjectConfigurationPlatforms) = postSolution
		{3B1D5C19-842F-46F3-8D4C-C5A51961BF14}.Debug|Any CPU.ActiveCfg = Debug|Any CPU
		{3B1D5C19-842F-46F3-8D4C-C5A51961BF14}.Debug|Any CPU.Build.0 = Debug|Any CPU
		{3B1D5C19-842F-46F3-8D4C-C5A51961BF14}.Release|Any CPU.ActiveCfg = Release|Any CPU
		{3B1D5C19-842F-46F3-8D4C-C5A51961BF14}.Release|Any CPU.Build.0 = Release|Any CPU
		{39A37FFE-2F77-4536-A439-0C69AF36A7B7}.Debug|Any CPU.ActiveCfg = Debug|Any CPU
		{39A37FFE-2F77-4536-A439-0C69AF36A7B7}.Debug|Any CPU.Build.0 = Debug|Any CPU
		{39A37FFE-2F77-4536-A439-0C69AF36A7B7}.Release|Any CPU.ActiveCfg = Release|Any CPU
		{39A37FFE-2F77-4536-A439-0C69AF36A7B7}.Release|Any CPU.Build.0 = Release|Any CPU
		{420BD0D9-AF40-461B-AA39-914A13D417D1}.Debug|Any CPU.ActiveCfg = Debug|Any CPU
		{420BD0D9-AF40-461B-AA39-914A13D417D1}.Debug|Any CPU.Build.0 = Debug|Any CPU
		{420BD0D9-AF40-461B-AA39-914A13D417D1}.Release|Any CPU.ActiveCfg = Release|Any CPU
		{420BD0D9-AF40-461B-AA39-914A13D417D1}.Release|Any CPU.Build.0 = Release|Any CPU
		{3A7C128E-C57E-417F-A4A5-A5C8081BCFD8}.Debug|Any CPU.ActiveCfg = Debug|Any CPU
		{3A7C128E-C57E-417F-A4A5-A5C8081BCFD8}.Debug|Any CPU.Build.0 = Debug|Any CPU
		{3A7C128E-C57E-417F-A4A5-A5C8081BCFD8}.Release|Any CPU.ActiveCfg = Release|Any CPU
		{3A7C128E-C57E-417F-A4A5-A5C8081BCFD8}.Release|Any CPU.Build.0 = Release|Any CPU
	EndGlobalSection
	GlobalSection(SolutionProperties) = preSolution
		HideSolutionNode = FALSE
	EndGlobalSection
	GlobalSection(ExtensibilityGlobals) = postSolution
		SolutionGuid = {1FE4650D-8329-48DC-9814-56E5DE1C131C}
	EndGlobalSection
EndGlobal
